
Microsoft Visual Studio Solution File, Format Version 12.00
# Visual Studio Version 17
VisualStudioVersion = 17.0.32112.339
MinimumVisualStudioVersion = 10.0.40219.1
Project("{FAE04EC0-301F-11D3-BF4B-00C04F79EFBC}") = "SampleCloudAKSDeploy", "SampleCloudAKSDeploy.csproj", "{48A1C190-A070-40DF-BE09-AE248D941CCF}"
EndProject
Global
	GlobalSection(SolutionConfigurationPlatforms) = preSolution
		Debug|Any CPU = Debug|Any CPU
		Release|Any CPU = Release|Any CPU
	EndGlobalSection
	GlobalSection(ProjectConfigurationPlatforms) = postSolution
		{48A1C190-A070-40DF-BE09-AE248D941CCF}.Debug|Any CPU.ActiveCfg = Debug|Any CPU
		{48A1C190-A070-40DF-BE09-AE248D941CCF}.Debug|Any CPU.Build.0 = Debug|Any CPU
		{48A1C190-A070-40DF-BE09-AE248D941CCF}.Release|Any CPU.ActiveCfg = Release|Any CPU
		{48A1C190-A070-40DF-BE09-AE248D941CCF}.Release|Any CPU.Build.0 = Release|Any CPU
	EndGlobalSection
	GlobalSection(SolutionProperties) = preSolution
		HideSolutionNode = FALSE
	EndGlobalSection
	GlobalSection(ExtensibilityGlobals) = postSolution
		SolutionGuid = {95468E3C-6D70-4C61-B470-58E54F576F33}
	EndGlobalSection
EndGlobal
